
Microsoft Visual Studio Solution File, Format Version 12.00
# Visual Studio Version 17
VisualStudioVersion = 17.6.33829.357
MinimumVisualStudioVersion = 10.0.40219.1
Project("{9A19103F-16F7-4668-BE54-9A1E7A4F7556}") = "ExamenApi", "ExamenApi\ExamenApi.csproj", "{02BCFBC5-4E3F-480F-A31A-F904B89063A6}"
EndProject
Project("{2150E333-8FDC-42A3-9474-1A3956D46DE8}") = "Web", "Web", "{04D56305-26DE-443B-81C2-7FC13A974B02}"
EndProject
Project("{2150E333-8FDC-42A3-9474-1A3956D46DE8}") = "Local", "Local", "{9ECE3EB0-452F-419D-80D2-AF82826563E2}"
EndProject
Project("{FAE04EC0-301F-11D3-BF4B-00C04F79EFBC}") = "Modelos", "Modelos\Modelos.csproj", "{87F113EF-AF1F-40AC-A71D-98D132D27716}"
EndProject
Project("{FAE04EC0-301F-11D3-BF4B-00C04F79EFBC}") = "Entidades", "Entidades\Entidades.csproj", "{72558A51-6A2B-474D-9F25-F714AF2D2823}"
EndProject
Project("{FAE04EC0-301F-11D3-BF4B-00C04F79EFBC}") = "Repositorios", "Repositorios\Repositorios.csproj", "{94FF6345-6093-4EA9-9120-33C8F83D9C01}"
EndProject
Project("{FAE04EC0-301F-11D3-BF4B-00C04F79EFBC}") = "DTO", "DTO\DTO.csproj", "{45FE98EC-2405-4F47-88CE-A85E81B2E91A}"
EndProject
Global
	GlobalSection(SolutionConfigurationPlatforms) = preSolution
		Debug|Any CPU = Debug|Any CPU
		Release|Any CPU = Release|Any CPU
	EndGlobalSection
	GlobalSection(ProjectConfigurationPlatforms) = postSolution
		{02BCFBC5-4E3F-480F-A31A-F904B89063A6}.Debug|Any CPU.ActiveCfg = Debug|Any CPU
		{02BCFBC5-4E3F-480F-A31A-F904B89063A6}.Debug|Any CPU.Build.0 = Debug|Any CPU
		{02BCFBC5-4E3F-480F-A31A-F904B89063A6}.Release|Any CPU.ActiveCfg = Release|Any CPU
		{02BCFBC5-4E3F-480F-A31A-F904B89063A6}.Release|Any CPU.Build.0 = Release|Any CPU
		{87F113EF-AF1F-40AC-A71D-98D132D27716}.Debug|Any CPU.ActiveCfg = Debug|Any CPU
		{87F113EF-AF1F-40AC-A71D-98D132D27716}.Debug|Any CPU.Build.0 = Debug|Any CPU
		{87F113EF-AF1F-40AC-A71D-98D132D27716}.Release|Any CPU.ActiveCfg = Release|Any CPU
		{87F113EF-AF1F-40AC-A71D-98D132D27716}.Release|Any CPU.Build.0 = Release|Any CPU
		{72558A51-6A2B-474D-9F25-F714AF2D2823}.Debug|Any CPU.ActiveCfg = Debug|Any CPU
		{72558A51-6A2B-474D-9F25-F714AF2D2823}.Debug|Any CPU.Build.0 = Debug|Any CPU
		{72558A51-6A2B-474D-9F25-F714AF2D2823}.Release|Any CPU.ActiveCfg = Release|Any CPU
		{72558A51-6A2B-474D-9F25-F714AF2D2823}.Release|Any CPU.Build.0 = Release|Any CPU
		{94FF6345-6093-4EA9-9120-33C8F83D9C01}.Debug|Any CPU.ActiveCfg = Debug|Any CPU
		{94FF6345-6093-4EA9-9120-33C8F83D9C01}.Debug|Any CPU.Build.0 = Debug|Any CPU
		{94FF6345-6093-4EA9-9120-33C8F83D9C01}.Release|Any CPU.ActiveCfg = Release|Any CPU
		{94FF6345-6093-4EA9-9120-33C8F83D9C01}.Release|Any CPU.Build.0 = Release|Any CPU
		{45FE98EC-2405-4F47-88CE-A85E81B2E91A}.Debug|Any CPU.ActiveCfg = Debug|Any CPU
		{45FE98EC-2405-4F47-88CE-A85E81B2E91A}.Debug|Any CPU.Build.0 = Debug|Any CPU
		{45FE98EC-2405-4F47-88CE-A85E81B2E91A}.Release|Any CPU.ActiveCfg = Release|Any CPU
		{45FE98EC-2405-4F47-88CE-A85E81B2E91A}.Release|Any CPU.Build.0 = Release|Any CPU
	EndGlobalSection
	GlobalSection(SolutionProperties) = preSolution
		HideSolutionNode = FALSE
	EndGlobalSection
	GlobalSection(NestedProjects) = preSolution
		{02BCFBC5-4E3F-480F-A31A-F904B89063A6} = {04D56305-26DE-443B-81C2-7FC13A974B02}
		{87F113EF-AF1F-40AC-A71D-98D132D27716} = {9ECE3EB0-452F-419D-80D2-AF82826563E2}
		{72558A51-6A2B-474D-9F25-F714AF2D2823} = {9ECE3EB0-452F-419D-80D2-AF82826563E2}
		{94FF6345-6093-4EA9-9120-33C8F83D9C01} = {9ECE3EB0-452F-419D-80D2-AF82826563E2}
		{45FE98EC-2405-4F47-88CE-A85E81B2E91A} = {9ECE3EB0-452F-419D-80D2-AF82826563E2}
	EndGlobalSection
	GlobalSection(ExtensibilityGlobals) = postSolution
		SolutionGuid = {4B9E493D-580D-4520-A1C7-AD3445F85929}
	EndGlobalSection
EndGlobal
